
Microsoft Visual Studio Solution File, Format Version 12.00
# Visual Studio Version 17
VisualStudioVersion = 17.7.34003.232
MinimumVisualStudioVersion = 10.0.40219.1
Project("{FAE04EC0-301F-11D3-BF4B-00C04F79EFBC}") = "mf-dev-back-end", "mf-dev-back-end\mf-dev-back-end.csproj", "{4EEE7A97-DC85-49C4-AD11-0140AF3A0F60}"
EndProject
Global
	GlobalSection(SolutionConfigurationPlatforms) = preSolution
		Debug|Any CPU = Debug|Any CPU
		Release|Any CPU = Release|Any CPU
	EndGlobalSection
	GlobalSection(ProjectConfigurationPlatforms) = postSolution
		{4EEE7A97-DC85-49C4-AD11-0140AF3A0F60}.Debug|Any CPU.ActiveCfg = Debug|Any CPU
		{4EEE7A97-DC85-49C4-AD11-0140AF3A0F60}.Debug|Any CPU.Build.0 = Debug|Any CPU
		{4EEE7A97-DC85-49C4-AD11-0140AF3A0F60}.Release|Any CPU.ActiveCfg = Release|Any CPU
		{4EEE7A97-DC85-49C4-AD11-0140AF3A0F60}.Release|Any CPU.Build.0 = Release|Any CPU
	EndGlobalSection
	GlobalSection(SolutionProperties) = preSolution
		HideSolutionNode = FALSE
	EndGlobalSection
	GlobalSection(ExtensibilityGlobals) = postSolution
		SolutionGuid = {2E24952F-A837-46ED-A42A-DA51B5B21918}
	EndGlobalSection
EndGlobal
